// !$*UTF8*$!
{
	archiveVersion = 1;
	classes = {
	};
	objectVersion = 56;
	objects = {

/* Begin PBXBuildFile section */
		1E23EB6F2A0F528B004FADBF /* SearchView.swift in Sources */ = {isa = PBXBuildFile; fileRef = 1E23EB6E2A0F528B004FADBF /* SearchView.swift */; };
		1E23EB712A0F53DD004FADBF /* BookDeckView.swift in Sources */ = {isa = PBXBuildFile; fileRef = 1E23EB702A0F53DD004FADBF /* BookDeckView.swift */; };
		1E23EB742A0F662B004FADBF /* BookDetailView.swift in Sources */ = {isa = PBXBuildFile; fileRef = 1E23EB732A0F662B004FADBF /* BookDetailView.swift */; };
		1E25EDA52A1103F0006E44A5 /* ProfileView.swift in Sources */ = {isa = PBXBuildFile; fileRef = 1E25EDA42A1103F0006E44A5 /* ProfileView.swift */; };
		1E25EDA72A1108F9006E44A5 /* CustomButton.swift in Sources */ = {isa = PBXBuildFile; fileRef = 1E25EDA62A1108F9006E44A5 /* CustomButton.swift */; };
		1E25EDA92A1112E1006E44A5 /* BooksCollectionView.swift in Sources */ = {isa = PBXBuildFile; fileRef = 1E25EDA82A1112E1006E44A5 /* BooksCollectionView.swift */; };
		1E25EDAB2A111571006E44A5 /* CollectionTitle.swift in Sources */ = {isa = PBXBuildFile; fileRef = 1E25EDAA2A111571006E44A5 /* CollectionTitle.swift */; };
		1E25EDB22A1118F1006E44A5 /* WebImageView.swift in Sources */ = {isa = PBXBuildFile; fileRef = 1E25EDB12A1118F1006E44A5 /* WebImageView.swift */; };
		1E25EDB52A1119A1006E44A5 /* SDWebImageSwiftUI in Frameworks */ = {isa = PBXBuildFile; productRef = 1E25EDB42A1119A1006E44A5 /* SDWebImageSwiftUI */; };
		1E25EDB72A111CDF006E44A5 /* CollectionView.swift in Sources */ = {isa = PBXBuildFile; fileRef = 1E25EDB62A111CDF006E44A5 /* CollectionView.swift */; };
		1E25EDD12A129257006E44A5 /* OFL.txt in Resources */ = {isa = PBXBuildFile; fileRef = 1E25EDBE2A129256006E44A5 /* OFL.txt */; };
		1E25EDD22A129257006E44A5 /* Poppins-ExtraBoldItalic.ttf in Resources */ = {isa = PBXBuildFile; fileRef = 1E25EDBF2A129256006E44A5 /* Poppins-ExtraBoldItalic.ttf */; };
		1E25EDD32A129257006E44A5 /* Poppins-SemiBoldItalic.ttf in Resources */ = {isa = PBXBuildFile; fileRef = 1E25EDC02A129257006E44A5 /* Poppins-SemiBoldItalic.ttf */; };
		1E25EDD42A129257006E44A5 /* Poppins-BoldItalic.ttf in Resources */ = {isa = PBXBuildFile; fileRef = 1E25EDC12A129257006E44A5 /* Poppins-BoldItalic.ttf */; };
		1E25EDD52A129257006E44A5 /* Poppins-Regular.ttf in Resources */ = {isa = PBXBuildFile; fileRef = 1E25EDC22A129257006E44A5 /* Poppins-Regular.ttf */; };
		1E25EDD62A129257006E44A5 /* Poppins-ExtraLightItalic.ttf in Resources */ = {isa = PBXBuildFile; fileRef = 1E25EDC32A129257006E44A5 /* Poppins-ExtraLightItalic.ttf */; };
		1E25EDD72A129257006E44A5 /* Poppins-Light.ttf in Resources */ = {isa = PBXBuildFile; fileRef = 1E25EDC42A129257006E44A5 /* Poppins-Light.ttf */; };
		1E25EDD82A129257006E44A5 /* Poppins-LightItalic.ttf in Resources */ = {isa = PBXBuildFile; fileRef = 1E25EDC52A129257006E44A5 /* Poppins-LightItalic.ttf */; };
		1E25EDD92A129257006E44A5 /* Poppins-ExtraLight.ttf in Resources */ = {isa = PBXBuildFile; fileRef = 1E25EDC62A129257006E44A5 /* Poppins-ExtraLight.ttf */; };
		1E25EDDA2A129257006E44A5 /* Poppins-ExtraBold.ttf in Resources */ = {isa = PBXBuildFile; fileRef = 1E25EDC72A129257006E44A5 /* Poppins-ExtraBold.ttf */; };
		1E25EDDB2A129257006E44A5 /* Poppins-BlackItalic.ttf in Resources */ = {isa = PBXBuildFile; fileRef = 1E25EDC82A129257006E44A5 /* Poppins-BlackItalic.ttf */; };
		1E25EDDC2A129257006E44A5 /* Poppins-MediumItalic.ttf in Resources */ = {isa = PBXBuildFile; fileRef = 1E25EDC92A129257006E44A5 /* Poppins-MediumItalic.ttf */; };
		1E25EDDD2A129257006E44A5 /* Poppins-Thin.ttf in Resources */ = {isa = PBXBuildFile; fileRef = 1E25EDCA2A129257006E44A5 /* Poppins-Thin.ttf */; };
		1E25EDDE2A129257006E44A5 /* Poppins-Italic.ttf in Resources */ = {isa = PBXBuildFile; fileRef = 1E25EDCB2A129257006E44A5 /* Poppins-Italic.ttf */; };
		1E25EDDF2A129257006E44A5 /* Poppins-Medium.ttf in Resources */ = {isa = PBXBuildFile; fileRef = 1E25EDCC2A129257006E44A5 /* Poppins-Medium.ttf */; };
		1E25EDE02A129257006E44A5 /* Poppins-SemiBold.ttf in Resources */ = {isa = PBXBuildFile; fileRef = 1E25EDCD2A129257006E44A5 /* Poppins-SemiBold.ttf */; };
		1E25EDE12A129257006E44A5 /* Poppins-Black.ttf in Resources */ = {isa = PBXBuildFile; fileRef = 1E25EDCE2A129257006E44A5 /* Poppins-Black.ttf */; };
		1E25EDE22A129257006E44A5 /* Poppins-Bold.ttf in Resources */ = {isa = PBXBuildFile; fileRef = 1E25EDCF2A129257006E44A5 /* Poppins-Bold.ttf */; };
		1E25EDE32A129257006E44A5 /* Poppins-ThinItalic.ttf in Resources */ = {isa = PBXBuildFile; fileRef = 1E25EDD02A129257006E44A5 /* Poppins-ThinItalic.ttf */; };
		1E25EDE62A129634006E44A5 /* Font+.swift in Sources */ = {isa = PBXBuildFile; fileRef = 1E25EDE52A129634006E44A5 /* Font+.swift */; };
		1E25EDE82A12991E006E44A5 /* CustomLargeButton.swift in Sources */ = {isa = PBXBuildFile; fileRef = 1E25EDE72A12991E006E44A5 /* CustomLargeButton.swift */; };
		1E25EDF72A129EA8006E44A5 /* Roboto-MediumItalic.ttf in Resources */ = {isa = PBXBuildFile; fileRef = 1E25EDEA2A129EA7006E44A5 /* Roboto-MediumItalic.ttf */; };
		1E25EDF82A129EA8006E44A5 /* Roboto-Light.ttf in Resources */ = {isa = PBXBuildFile; fileRef = 1E25EDEB2A129EA7006E44A5 /* Roboto-Light.ttf */; };
		1E25EDF92A129EA8006E44A5 /* Roboto-ThinItalic.ttf in Resources */ = {isa = PBXBuildFile; fileRef = 1E25EDEC2A129EA7006E44A5 /* Roboto-ThinItalic.ttf */; };
		1E25EDFA2A129EA8006E44A5 /* Roboto-BoldItalic.ttf in Resources */ = {isa = PBXBuildFile; fileRef = 1E25EDED2A129EA7006E44A5 /* Roboto-BoldItalic.ttf */; };
		1E25EDFB2A129EA8006E44A5 /* Roboto-LightItalic.ttf in Resources */ = {isa = PBXBuildFile; fileRef = 1E25EDEE2A129EA7006E44A5 /* Roboto-LightItalic.ttf */; };
		1E25EDFC2A129EA8006E44A5 /* Roboto-Medium.ttf in Resources */ = {isa = PBXBuildFile; fileRef = 1E25EDEF2A129EA7006E44A5 /* Roboto-Medium.ttf */; };
		1E25EDFD2A129EA8006E44A5 /* LICENSE.txt in Resources */ = {isa = PBXBuildFile; fileRef = 1E25EDF02A129EA7006E44A5 /* LICENSE.txt */; };
		1E25EDFE2A129EA8006E44A5 /* Roboto-Italic.ttf in Resources */ = {isa = PBXBuildFile; fileRef = 1E25EDF12A129EA7006E44A5 /* Roboto-Italic.ttf */; };
		1E25EDFF2A129EA8006E44A5 /* Roboto-Bold.ttf in Resources */ = {isa = PBXBuildFile; fileRef = 1E25EDF22A129EA8006E44A5 /* Roboto-Bold.ttf */; };
		1E25EE002A129EA8006E44A5 /* Roboto-Thin.ttf in Resources */ = {isa = PBXBuildFile; fileRef = 1E25EDF32A129EA8006E44A5 /* Roboto-Thin.ttf */; };
		1E25EE012A129EA8006E44A5 /* Roboto-Regular.ttf in Resources */ = {isa = PBXBuildFile; fileRef = 1E25EDF42A129EA8006E44A5 /* Roboto-Regular.ttf */; };
		1E25EE022A129EA8006E44A5 /* Roboto-Black.ttf in Resources */ = {isa = PBXBuildFile; fileRef = 1E25EDF52A129EA8006E44A5 /* Roboto-Black.ttf */; };
		1E25EE032A129EA8006E44A5 /* Roboto-BlackItalic.ttf in Resources */ = {isa = PBXBuildFile; fileRef = 1E25EDF62A129EA8006E44A5 /* Roboto-BlackItalic.ttf */; };
		1E25EE052A12AE5D006E44A5 /* CustomSmallButton.swift in Sources */ = {isa = PBXBuildFile; fileRef = 1E25EE042A12AE5D006E44A5 /* CustomSmallButton.swift */; };
		1E25EE072A12B938006E44A5 /* NotificationView.swift in Sources */ = {isa = PBXBuildFile; fileRef = 1E25EE062A12B938006E44A5 /* NotificationView.swift */; };
		1E2EA1032A1346FC00BF21E3 /* OnBoardingView.swift in Sources */ = {isa = PBXBuildFile; fileRef = 1E2EA1022A1346FC00BF21E3 /* OnBoardingView.swift */; };
		1E2EA1062A137F9E00BF21E3 /* ContinueWith.swift in Sources */ = {isa = PBXBuildFile; fileRef = 1E2EA1052A137F9E00BF21E3 /* ContinueWith.swift */; };
		1E2EA1082A13870200BF21E3 /* RegistrationView.swift in Sources */ = {isa = PBXBuildFile; fileRef = 1E2EA1072A13870200BF21E3 /* RegistrationView.swift */; };
		1E2EA10A2A13887800BF21E3 /* SomethingWentWrongView.swift in Sources */ = {isa = PBXBuildFile; fileRef = 1E2EA1092A13887800BF21E3 /* SomethingWentWrongView.swift */; };
		1E2EA10D2A138C1600BF21E3 /* UnderConstructionView.swift in Sources */ = {isa = PBXBuildFile; fileRef = 1E2EA10C2A138C1600BF21E3 /* UnderConstructionView.swift */; };
		1E2EA10F2A138E5F00BF21E3 /* NoInternetView.swift in Sources */ = {isa = PBXBuildFile; fileRef = 1E2EA10E2A138E5F00BF21E3 /* NoInternetView.swift */; };
		1E2FEF632A0EBB3F004D9E9D /* uncoverApp.swift in Sources */ = {isa = PBXBuildFile; fileRef = 1E2FEF622A0EBB3F004D9E9D /* uncoverApp.swift */; };
		1E2FEF652A0EBB3F004D9E9D /* ContentView.swift in Sources */ = {isa = PBXBuildFile; fileRef = 1E2FEF642A0EBB3F004D9E9D /* ContentView.swift */; };
		1E2FEF672A0EBB42004D9E9D /* Assets.xcassets in Resources */ = {isa = PBXBuildFile; fileRef = 1E2FEF662A0EBB42004D9E9D /* Assets.xcassets */; };
		1E2FEF6B2A0EBB42004D9E9D /* Preview Assets.xcassets in Resources */ = {isa = PBXBuildFile; fileRef = 1E2FEF6A2A0EBB42004D9E9D /* Preview Assets.xcassets */; };
		1E2FEF722A0EC287004D9E9D /* TabBarView.swift in Sources */ = {isa = PBXBuildFile; fileRef = 1E2FEF712A0EC287004D9E9D /* TabBarView.swift */; };
		1E2FEF752A0EC5F8004D9E9D /* Colors.xcassets in Resources */ = {isa = PBXBuildFile; fileRef = 1E2FEF742A0EC5F8004D9E9D /* Colors.xcassets */; };
		1E2FEF7A2A0EC71B004D9E9D /* Color+.swift in Sources */ = {isa = PBXBuildFile; fileRef = 1E2FEF792A0EC71B004D9E9D /* Color+.swift */; };
		1E2FEF7C2A0ECF24004D9E9D /* HomeView.swift in Sources */ = {isa = PBXBuildFile; fileRef = 1E2FEF7B2A0ECF24004D9E9D /* HomeView.swift */; };
/* End PBXBuildFile section */

/* Begin PBXFileReference section */
		1E23EB6E2A0F528B004FADBF /* SearchView.swift */ = {isa = PBXFileReference; lastKnownFileType = sourcecode.swift; path = SearchView.swift; sourceTree = "<group>"; };
		1E23EB702A0F53DD004FADBF /* BookDeckView.swift */ = {isa = PBXFileReference; lastKnownFileType = sourcecode.swift; path = BookDeckView.swift; sourceTree = "<group>"; };
		1E23EB732A0F662B004FADBF /* BookDetailView.swift */ = {isa = PBXFileReference; lastKnownFileType = sourcecode.swift; path = BookDetailView.swift; sourceTree = "<group>"; };
		1E25EDA42A1103F0006E44A5 /* ProfileView.swift */ = {isa = PBXFileReference; lastKnownFileType = sourcecode.swift; path = ProfileView.swift; sourceTree = "<group>"; };
		1E25EDA62A1108F9006E44A5 /* CustomButton.swift */ = {isa = PBXFileReference; lastKnownFileType = sourcecode.swift; path = CustomButton.swift; sourceTree = "<group>"; };
		1E25EDA82A1112E1006E44A5 /* BooksCollectionView.swift */ = {isa = PBXFileReference; lastKnownFileType = sourcecode.swift; path = BooksCollectionView.swift; sourceTree = "<group>"; };
		1E25EDAA2A111571006E44A5 /* CollectionTitle.swift */ = {isa = PBXFileReference; lastKnownFileType = sourcecode.swift; path = CollectionTitle.swift; sourceTree = "<group>"; };
		1E25EDB12A1118F1006E44A5 /* WebImageView.swift */ = {isa = PBXFileReference; lastKnownFileType = sourcecode.swift; path = WebImageView.swift; sourceTree = "<group>"; };
		1E25EDB62A111CDF006E44A5 /* CollectionView.swift */ = {isa = PBXFileReference; lastKnownFileType = sourcecode.swift; path = CollectionView.swift; sourceTree = "<group>"; };
		1E25EDBE2A129256006E44A5 /* OFL.txt */ = {isa = PBXFileReference; fileEncoding = 4; lastKnownFileType = text; path = OFL.txt; sourceTree = "<group>"; };
		1E25EDBF2A129256006E44A5 /* Poppins-ExtraBoldItalic.ttf */ = {isa = PBXFileReference; lastKnownFileType = file; path = "Poppins-ExtraBoldItalic.ttf"; sourceTree = "<group>"; };
		1E25EDC02A129257006E44A5 /* Poppins-SemiBoldItalic.ttf */ = {isa = PBXFileReference; lastKnownFileType = file; path = "Poppins-SemiBoldItalic.ttf"; sourceTree = "<group>"; };
		1E25EDC12A129257006E44A5 /* Poppins-BoldItalic.ttf */ = {isa = PBXFileReference; lastKnownFileType = file; path = "Poppins-BoldItalic.ttf"; sourceTree = "<group>"; };
		1E25EDC22A129257006E44A5 /* Poppins-Regular.ttf */ = {isa = PBXFileReference; lastKnownFileType = file; path = "Poppins-Regular.ttf"; sourceTree = "<group>"; };
		1E25EDC32A129257006E44A5 /* Poppins-ExtraLightItalic.ttf */ = {isa = PBXFileReference; lastKnownFileType = file; path = "Poppins-ExtraLightItalic.ttf"; sourceTree = "<group>"; };
		1E25EDC42A129257006E44A5 /* Poppins-Light.ttf */ = {isa = PBXFileReference; lastKnownFileType = file; path = "Poppins-Light.ttf"; sourceTree = "<group>"; };
		1E25EDC52A129257006E44A5 /* Poppins-LightItalic.ttf */ = {isa = PBXFileReference; lastKnownFileType = file; path = "Poppins-LightItalic.ttf"; sourceTree = "<group>"; };
		1E25EDC62A129257006E44A5 /* Poppins-ExtraLight.ttf */ = {isa = PBXFileReference; lastKnownFileType = file; path = "Poppins-ExtraLight.ttf"; sourceTree = "<group>"; };
		1E25EDC72A129257006E44A5 /* Poppins-ExtraBold.ttf */ = {isa = PBXFileReference; lastKnownFileType = file; path = "Poppins-ExtraBold.ttf"; sourceTree = "<group>"; };
		1E25EDC82A129257006E44A5 /* Poppins-BlackItalic.ttf */ = {isa = PBXFileReference; lastKnownFileType = file; path = "Poppins-BlackItalic.ttf"; sourceTree = "<group>"; };
		1E25EDC92A129257006E44A5 /* Poppins-MediumItalic.ttf */ = {isa = PBXFileReference; lastKnownFileType = file; path = "Poppins-MediumItalic.ttf"; sourceTree = "<group>"; };
		1E25EDCA2A129257006E44A5 /* Poppins-Thin.ttf */ = {isa = PBXFileReference; lastKnownFileType = file; path = "Poppins-Thin.ttf"; sourceTree = "<group>"; };
		1E25EDCB2A129257006E44A5 /* Poppins-Italic.ttf */ = {isa = PBXFileReference; lastKnownFileType = file; path = "Poppins-Italic.ttf"; sourceTree = "<group>"; };
		1E25EDCC2A129257006E44A5 /* Poppins-Medium.ttf */ = {isa = PBXFileReference; lastKnownFileType = file; path = "Poppins-Medium.ttf"; sourceTree = "<group>"; };
		1E25EDCD2A129257006E44A5 /* Poppins-SemiBold.ttf */ = {isa = PBXFileReference; lastKnownFileType = file; path = "Poppins-SemiBold.ttf"; sourceTree = "<group>"; };
		1E25EDCE2A129257006E44A5 /* Poppins-Black.ttf */ = {isa = PBXFileReference; lastKnownFileType = file; path = "Poppins-Black.ttf"; sourceTree = "<group>"; };
		1E25EDCF2A129257006E44A5 /* Poppins-Bold.ttf */ = {isa = PBXFileReference; lastKnownFileType = file; path = "Poppins-Bold.ttf"; sourceTree = "<group>"; };
		1E25EDD02A129257006E44A5 /* Poppins-ThinItalic.ttf */ = {isa = PBXFileReference; lastKnownFileType = file; path = "Poppins-ThinItalic.ttf"; sourceTree = "<group>"; };
		1E25EDE42A12927E006E44A5 /* Info.plist */ = {isa = PBXFileReference; lastKnownFileType = text.plist; path = Info.plist; sourceTree = "<group>"; };
		1E25EDE52A129634006E44A5 /* Font+.swift */ = {isa = PBXFileReference; lastKnownFileType = sourcecode.swift; path = "Font+.swift"; sourceTree = "<group>"; };
		1E25EDE72A12991E006E44A5 /* CustomLargeButton.swift */ = {isa = PBXFileReference; lastKnownFileType = sourcecode.swift; path = CustomLargeButton.swift; sourceTree = "<group>"; };
		1E25EDEA2A129EA7006E44A5 /* Roboto-MediumItalic.ttf */ = {isa = PBXFileReference; lastKnownFileType = file; path = "Roboto-MediumItalic.ttf"; sourceTree = "<group>"; };
		1E25EDEB2A129EA7006E44A5 /* Roboto-Light.ttf */ = {isa = PBXFileReference; lastKnownFileType = file; path = "Roboto-Light.ttf"; sourceTree = "<group>"; };
		1E25EDEC2A129EA7006E44A5 /* Roboto-ThinItalic.ttf */ = {isa = PBXFileReference; lastKnownFileType = file; path = "Roboto-ThinItalic.ttf"; sourceTree = "<group>"; };
		1E25EDED2A129EA7006E44A5 /* Roboto-BoldItalic.ttf */ = {isa = PBXFileReference; lastKnownFileType = file; path = "Roboto-BoldItalic.ttf"; sourceTree = "<group>"; };
		1E25EDEE2A129EA7006E44A5 /* Roboto-LightItalic.ttf */ = {isa = PBXFileReference; lastKnownFileType = file; path = "Roboto-LightItalic.ttf"; sourceTree = "<group>"; };
		1E25EDEF2A129EA7006E44A5 /* Roboto-Medium.ttf */ = {isa = PBXFileReference; lastKnownFileType = file; path = "Roboto-Medium.ttf"; sourceTree = "<group>"; };
		1E25EDF02A129EA7006E44A5 /* LICENSE.txt */ = {isa = PBXFileReference; fileEncoding = 4; lastKnownFileType = text; path = LICENSE.txt; sourceTree = "<group>"; };
		1E25EDF12A129EA7006E44A5 /* Roboto-Italic.ttf */ = {isa = PBXFileReference; lastKnownFileType = file; path = "Roboto-Italic.ttf"; sourceTree = "<group>"; };
		1E25EDF22A129EA8006E44A5 /* Roboto-Bold.ttf */ = {isa = PBXFileReference; lastKnownFileType = file; path = "Roboto-Bold.ttf"; sourceTree = "<group>"; };
		1E25EDF32A129EA8006E44A5 /* Roboto-Thin.ttf */ = {isa = PBXFileReference; lastKnownFileType = file; path = "Roboto-Thin.ttf"; sourceTree = "<group>"; };
		1E25EDF42A129EA8006E44A5 /* Roboto-Regular.ttf */ = {isa = PBXFileReference; lastKnownFileType = file; path = "Roboto-Regular.ttf"; sourceTree = "<group>"; };
		1E25EDF52A129EA8006E44A5 /* Roboto-Black.ttf */ = {isa = PBXFileReference; lastKnownFileType = file; path = "Roboto-Black.ttf"; sourceTree = "<group>"; };
		1E25EDF62A129EA8006E44A5 /* Roboto-BlackItalic.ttf */ = {isa = PBXFileReference; lastKnownFileType = file; path = "Roboto-BlackItalic.ttf"; sourceTree = "<group>"; };
		1E25EE042A12AE5D006E44A5 /* CustomSmallButton.swift */ = {isa = PBXFileReference; lastKnownFileType = sourcecode.swift; path = CustomSmallButton.swift; sourceTree = "<group>"; };
		1E25EE062A12B938006E44A5 /* NotificationView.swift */ = {isa = PBXFileReference; lastKnownFileType = sourcecode.swift; path = NotificationView.swift; sourceTree = "<group>"; };
		1E2EA1022A1346FC00BF21E3 /* OnBoardingView.swift */ = {isa = PBXFileReference; lastKnownFileType = sourcecode.swift; path = OnBoardingView.swift; sourceTree = "<group>"; };
		1E2EA1052A137F9E00BF21E3 /* ContinueWith.swift */ = {isa = PBXFileReference; lastKnownFileType = sourcecode.swift; path = ContinueWith.swift; sourceTree = "<group>"; };
		1E2EA1072A13870200BF21E3 /* RegistrationView.swift */ = {isa = PBXFileReference; lastKnownFileType = sourcecode.swift; path = RegistrationView.swift; sourceTree = "<group>"; };
		1E2EA1092A13887800BF21E3 /* SomethingWentWrongView.swift */ = {isa = PBXFileReference; lastKnownFileType = sourcecode.swift; path = SomethingWentWrongView.swift; sourceTree = "<group>"; };
		1E2EA10C2A138C1600BF21E3 /* UnderConstructionView.swift */ = {isa = PBXFileReference; lastKnownFileType = sourcecode.swift; path = UnderConstructionView.swift; sourceTree = "<group>"; };
		1E2EA10E2A138E5F00BF21E3 /* NoInternetView.swift */ = {isa = PBXFileReference; lastKnownFileType = sourcecode.swift; path = NoInternetView.swift; sourceTree = "<group>"; };
		1E2FEF5F2A0EBB3F004D9E9D /* uncover.app */ = {isa = PBXFileReference; explicitFileType = wrapper.application; includeInIndex = 0; path = uncover.app; sourceTree = BUILT_PRODUCTS_DIR; };
		1E2FEF622A0EBB3F004D9E9D /* uncoverApp.swift */ = {isa = PBXFileReference; lastKnownFileType = sourcecode.swift; path = uncoverApp.swift; sourceTree = "<group>"; };
		1E2FEF642A0EBB3F004D9E9D /* ContentView.swift */ = {isa = PBXFileReference; lastKnownFileType = sourcecode.swift; path = ContentView.swift; sourceTree = "<group>"; };
		1E2FEF662A0EBB42004D9E9D /* Assets.xcassets */ = {isa = PBXFileReference; lastKnownFileType = folder.assetcatalog; path = Assets.xcassets; sourceTree = "<group>"; };
		1E2FEF682A0EBB42004D9E9D /* uncover.entitlements */ = {isa = PBXFileReference; lastKnownFileType = text.plist.entitlements; path = uncover.entitlements; sourceTree = "<group>"; };
		1E2FEF6A2A0EBB42004D9E9D /* Preview Assets.xcassets */ = {isa = PBXFileReference; lastKnownFileType = folder.assetcatalog; path = "Preview Assets.xcassets"; sourceTree = "<group>"; };
		1E2FEF712A0EC287004D9E9D /* TabBarView.swift */ = {isa = PBXFileReference; lastKnownFileType = sourcecode.swift; path = TabBarView.swift; sourceTree = "<group>"; };
		1E2FEF742A0EC5F8004D9E9D /* Colors.xcassets */ = {isa = PBXFileReference; lastKnownFileType = folder.assetcatalog; path = Colors.xcassets; sourceTree = "<group>"; };
		1E2FEF792A0EC71B004D9E9D /* Color+.swift */ = {isa = PBXFileReference; lastKnownFileType = sourcecode.swift; path = "Color+.swift"; sourceTree = "<group>"; };
		1E2FEF7B2A0ECF24004D9E9D /* HomeView.swift */ = {isa = PBXFileReference; lastKnownFileType = sourcecode.swift; path = HomeView.swift; sourceTree = "<group>"; };
/* End PBXFileReference section */

/* Begin PBXFrameworksBuildPhase section */
		1E2FEF5C2A0EBB3F004D9E9D /* Frameworks */ = {
			isa = PBXFrameworksBuildPhase;
			buildActionMask = 2147483647;
			files = (
				1E25EDB52A1119A1006E44A5 /* SDWebImageSwiftUI in Frameworks */,
			);
			runOnlyForDeploymentPostprocessing = 0;
		};
/* End PBXFrameworksBuildPhase section */

/* Begin PBXGroup section */
		1E23EB722A0F57A5004FADBF /* Components */ = {
			isa = PBXGroup;
			children = (
				1E2EA1042A137F5300BF21E3 /* Buttons */,
				1E25EDA82A1112E1006E44A5 /* BooksCollectionView.swift */,
				1E23EB702A0F53DD004FADBF /* BookDeckView.swift */,
				1E25EDAA2A111571006E44A5 /* CollectionTitle.swift */,
				1E25EDB62A111CDF006E44A5 /* CollectionView.swift */,
				1E25EDB12A1118F1006E44A5 /* WebImageView.swift */,
			);
			path = Components;
			sourceTree = "<group>";
		};
		1E25EDBA2A12917B006E44A5 /* Fonts */ = {
			isa = PBXGroup;
			children = (
				1E25EDE92A129E9A006E44A5 /* Roboto */,
				1E25EDBD2A12919E006E44A5 /* Poppins */,
			);
			path = Fonts;
			sourceTree = "<group>";
		};
		1E25EDBD2A12919E006E44A5 /* Poppins */ = {
			isa = PBXGroup;
			children = (
				1E25EDBE2A129256006E44A5 /* OFL.txt */,
				1E25EDCE2A129257006E44A5 /* Poppins-Black.ttf */,
				1E25EDC82A129257006E44A5 /* Poppins-BlackItalic.ttf */,
				1E25EDCF2A129257006E44A5 /* Poppins-Bold.ttf */,
				1E25EDC12A129257006E44A5 /* Poppins-BoldItalic.ttf */,
				1E25EDC72A129257006E44A5 /* Poppins-ExtraBold.ttf */,
				1E25EDBF2A129256006E44A5 /* Poppins-ExtraBoldItalic.ttf */,
				1E25EDC62A129257006E44A5 /* Poppins-ExtraLight.ttf */,
				1E25EDC32A129257006E44A5 /* Poppins-ExtraLightItalic.ttf */,
				1E25EDCB2A129257006E44A5 /* Poppins-Italic.ttf */,
				1E25EDC42A129257006E44A5 /* Poppins-Light.ttf */,
				1E25EDC52A129257006E44A5 /* Poppins-LightItalic.ttf */,
				1E25EDCC2A129257006E44A5 /* Poppins-Medium.ttf */,
				1E25EDC92A129257006E44A5 /* Poppins-MediumItalic.ttf */,
				1E25EDC22A129257006E44A5 /* Poppins-Regular.ttf */,
				1E25EDCD2A129257006E44A5 /* Poppins-SemiBold.ttf */,
				1E25EDC02A129257006E44A5 /* Poppins-SemiBoldItalic.ttf */,
				1E25EDCA2A129257006E44A5 /* Poppins-Thin.ttf */,
				1E25EDD02A129257006E44A5 /* Poppins-ThinItalic.ttf */,
			);
			path = Poppins;
			sourceTree = "<group>";
		};
		1E25EDE92A129E9A006E44A5 /* Roboto */ = {
			isa = PBXGroup;
			children = (
				1E25EDF02A129EA7006E44A5 /* LICENSE.txt */,
				1E25EDF52A129EA8006E44A5 /* Roboto-Black.ttf */,
				1E25EDF62A129EA8006E44A5 /* Roboto-BlackItalic.ttf */,
				1E25EDF22A129EA8006E44A5 /* Roboto-Bold.ttf */,
				1E25EDED2A129EA7006E44A5 /* Roboto-BoldItalic.ttf */,
				1E25EDF12A129EA7006E44A5 /* Roboto-Italic.ttf */,
				1E25EDEB2A129EA7006E44A5 /* Roboto-Light.ttf */,
				1E25EDEE2A129EA7006E44A5 /* Roboto-LightItalic.ttf */,
				1E25EDEF2A129EA7006E44A5 /* Roboto-Medium.ttf */,
				1E25EDEA2A129EA7006E44A5 /* Roboto-MediumItalic.ttf */,
				1E25EDF42A129EA8006E44A5 /* Roboto-Regular.ttf */,
				1E25EDF32A129EA8006E44A5 /* Roboto-Thin.ttf */,
				1E25EDEC2A129EA7006E44A5 /* Roboto-ThinItalic.ttf */,
			);
			path = Roboto;
			sourceTree = "<group>";
		};
		1E2EA1042A137F5300BF21E3 /* Buttons */ = {
			isa = PBXGroup;
			children = (
				1E25EDA62A1108F9006E44A5 /* CustomButton.swift */,
				1E25EE042A12AE5D006E44A5 /* CustomSmallButton.swift */,
				1E25EDE72A12991E006E44A5 /* CustomLargeButton.swift */,
				1E2EA1052A137F9E00BF21E3 /* ContinueWith.swift */,
			);
			path = Buttons;
			sourceTree = "<group>";
		};
		1E2EA10B2A138BCD00BF21E3 /* Error Views */ = {
			isa = PBXGroup;
			children = (
				1E2EA1092A13887800BF21E3 /* SomethingWentWrongView.swift */,
				1E2EA10C2A138C1600BF21E3 /* UnderConstructionView.swift */,
				1E2EA10E2A138E5F00BF21E3 /* NoInternetView.swift */,
			);
			path = "Error Views";
			sourceTree = "<group>";
		};
		1E2FEF562A0EBB3F004D9E9D = {
			isa = PBXGroup;
			children = (
				1E2FEF612A0EBB3F004D9E9D /* uncover */,
				1E2FEF602A0EBB3F004D9E9D /* Products */,
			);
			sourceTree = "<group>";
		};
		1E2FEF602A0EBB3F004D9E9D /* Products */ = {
			isa = PBXGroup;
			children = (
				1E2FEF5F2A0EBB3F004D9E9D /* uncover.app */,
			);
			name = Products;
			sourceTree = "<group>";
		};
		1E2FEF612A0EBB3F004D9E9D /* uncover */ = {
			isa = PBXGroup;
			children = (
				1E25EDE42A12927E006E44A5 /* Info.plist */,
				1E25EDBA2A12917B006E44A5 /* Fonts */,
				1E2FEF622A0EBB3F004D9E9D /* uncoverApp.swift */,
				1E2FEF642A0EBB3F004D9E9D /* ContentView.swift */,
				1E23EB722A0F57A5004FADBF /* Components */,
				1E2FEF762A0EC6E2004D9E9D /* Extensions */,
				1E2FEF732A0EC28B004D9E9D /* Views */,
				1E2FEF662A0EBB42004D9E9D /* Assets.xcassets */,
				1E2FEF742A0EC5F8004D9E9D /* Colors.xcassets */,
				1E2FEF682A0EBB42004D9E9D /* uncover.entitlements */,
				1E2FEF692A0EBB42004D9E9D /* Preview Content */,
			);
			path = uncover;
			sourceTree = "<group>";
		};
		1E2FEF692A0EBB42004D9E9D /* Preview Content */ = {
			isa = PBXGroup;
			children = (
				1E2FEF6A2A0EBB42004D9E9D /* Preview Assets.xcassets */,
			);
			path = "Preview Content";
			sourceTree = "<group>";
		};
		1E2FEF732A0EC28B004D9E9D /* Views */ = {
			isa = PBXGroup;
			children = (
				1E2FEF712A0EC287004D9E9D /* TabBarView.swift */,
				1E2FEF7B2A0ECF24004D9E9D /* HomeView.swift */,
				1E23EB6E2A0F528B004FADBF /* SearchView.swift */,
				1E23EB732A0F662B004FADBF /* BookDetailView.swift */,
				1E25EDA42A1103F0006E44A5 /* ProfileView.swift */,
				1E25EE062A12B938006E44A5 /* NotificationView.swift */,
				1E2EA1022A1346FC00BF21E3 /* OnBoardingView.swift */,
				1E2EA1072A13870200BF21E3 /* RegistrationView.swift */,
				1E2EA10B2A138BCD00BF21E3 /* Error Views */,
			);
			path = Views;
			sourceTree = "<group>";
		};
		1E2FEF762A0EC6E2004D9E9D /* Extensions */ = {
			isa = PBXGroup;
			children = (
				1E2FEF792A0EC71B004D9E9D /* Color+.swift */,
				1E25EDE52A129634006E44A5 /* Font+.swift */,
			);
			path = Extensions;
			sourceTree = "<group>";
		};
/* End PBXGroup section */

/* Begin PBXNativeTarget section */
		1E2FEF5E2A0EBB3F004D9E9D /* uncover */ = {
			isa = PBXNativeTarget;
			buildConfigurationList = 1E2FEF6E2A0EBB42004D9E9D /* Build configuration list for PBXNativeTarget "uncover" */;
			buildPhases = (
				1E2FEF5B2A0EBB3F004D9E9D /* Sources */,
				1E2FEF5C2A0EBB3F004D9E9D /* Frameworks */,
				1E2FEF5D2A0EBB3F004D9E9D /* Resources */,
			);
			buildRules = (
			);
			dependencies = (
			);
			name = uncover;
			packageProductDependencies = (
				1E25EDB42A1119A1006E44A5 /* SDWebImageSwiftUI */,
			);
			productName = uncover;
			productReference = 1E2FEF5F2A0EBB3F004D9E9D /* uncover.app */;
			productType = "com.apple.product-type.application";
		};
/* End PBXNativeTarget section */

/* Begin PBXProject section */
		1E2FEF572A0EBB3F004D9E9D /* Project object */ = {
			isa = PBXProject;
			attributes = {
				BuildIndependentTargetsInParallel = 1;
				LastSwiftUpdateCheck = 1430;
				LastUpgradeCheck = 1430;
				TargetAttributes = {
					1E2FEF5E2A0EBB3F004D9E9D = {
						CreatedOnToolsVersion = 14.3;
					};
				};
			};
			buildConfigurationList = 1E2FEF5A2A0EBB3F004D9E9D /* Build configuration list for PBXProject "uncover" */;
			compatibilityVersion = "Xcode 14.0";
			developmentRegion = en;
			hasScannedForEncodings = 0;
			knownRegions = (
				en,
				Base,
			);
			mainGroup = 1E2FEF562A0EBB3F004D9E9D;
			packageReferences = (
				1E25EDB32A1119A1006E44A5 /* XCRemoteSwiftPackageReference "SDWebImageSwiftUI" */,
			);
			productRefGroup = 1E2FEF602A0EBB3F004D9E9D /* Products */;
			projectDirPath = "";
			projectRoot = "";
			targets = (
				1E2FEF5E2A0EBB3F004D9E9D /* uncover */,
			);
		};
/* End PBXProject section */

/* Begin PBXResourcesBuildPhase section */
		1E2FEF5D2A0EBB3F004D9E9D /* Resources */ = {
			isa = PBXResourcesBuildPhase;
			buildActionMask = 2147483647;
			files = (
				1E25EE002A129EA8006E44A5 /* Roboto-Thin.ttf in Resources */,
				1E25EDD92A129257006E44A5 /* Poppins-ExtraLight.ttf in Resources */,
				1E25EDF72A129EA8006E44A5 /* Roboto-MediumItalic.ttf in Resources */,
				1E25EDDE2A129257006E44A5 /* Poppins-Italic.ttf in Resources */,
				1E2FEF752A0EC5F8004D9E9D /* Colors.xcassets in Resources */,
				1E25EE022A129EA8006E44A5 /* Roboto-Black.ttf in Resources */,
				1E25EDFA2A129EA8006E44A5 /* Roboto-BoldItalic.ttf in Resources */,
				1E25EDE32A129257006E44A5 /* Poppins-ThinItalic.ttf in Resources */,
				1E25EDF92A129EA8006E44A5 /* Roboto-ThinItalic.ttf in Resources */,
				1E25EDFE2A129EA8006E44A5 /* Roboto-Italic.ttf in Resources */,
				1E25EDD72A129257006E44A5 /* Poppins-Light.ttf in Resources */,
				1E25EDE12A129257006E44A5 /* Poppins-Black.ttf in Resources */,
				1E2FEF6B2A0EBB42004D9E9D /* Preview Assets.xcassets in Resources */,
				1E25EE012A129EA8006E44A5 /* Roboto-Regular.ttf in Resources */,
				1E25EDE02A129257006E44A5 /* Poppins-SemiBold.ttf in Resources */,
				1E25EDDC2A129257006E44A5 /* Poppins-MediumItalic.ttf in Resources */,
				1E25EDFD2A129EA8006E44A5 /* LICENSE.txt in Resources */,
				1E25EE032A129EA8006E44A5 /* Roboto-BlackItalic.ttf in Resources */,
				1E25EDDD2A129257006E44A5 /* Poppins-Thin.ttf in Resources */,
				1E25EDD42A129257006E44A5 /* Poppins-BoldItalic.ttf in Resources */,
				1E25EDFB2A129EA8006E44A5 /* Roboto-LightItalic.ttf in Resources */,
				1E25EDD62A129257006E44A5 /* Poppins-ExtraLightItalic.ttf in Resources */,
				1E25EDD12A129257006E44A5 /* OFL.txt in Resources */,
				1E25EDF82A129EA8006E44A5 /* Roboto-Light.ttf in Resources */,
				1E2FEF672A0EBB42004D9E9D /* Assets.xcassets in Resources */,
				1E25EDDB2A129257006E44A5 /* Poppins-BlackItalic.ttf in Resources */,
				1E25EDD22A129257006E44A5 /* Poppins-ExtraBoldItalic.ttf in Resources */,
				1E25EDD32A129257006E44A5 /* Poppins-SemiBoldItalic.ttf in Resources */,
				1E25EDE22A129257006E44A5 /* Poppins-Bold.ttf in Resources */,
				1E25EDD52A129257006E44A5 /* Poppins-Regular.ttf in Resources */,
				1E25EDFC2A129EA8006E44A5 /* Roboto-Medium.ttf in Resources */,
				1E25EDDF2A129257006E44A5 /* Poppins-Medium.ttf in Resources */,
				1E25EDD82A129257006E44A5 /* Poppins-LightItalic.ttf in Resources */,
				1E25EDFF2A129EA8006E44A5 /* Roboto-Bold.ttf in Resources */,
				1E25EDDA2A129257006E44A5 /* Poppins-ExtraBold.ttf in Resources */,
			);
			runOnlyForDeploymentPostprocessing = 0;
		};
/* End PBXResourcesBuildPhase section */

/* Begin PBXSourcesBuildPhase section */
		1E2FEF5B2A0EBB3F004D9E9D /* Sources */ = {
			isa = PBXSourcesBuildPhase;
			buildActionMask = 2147483647;
			files = (
				1E23EB742A0F662B004FADBF /* BookDetailView.swift in Sources */,
				1E2FEF652A0EBB3F004D9E9D /* ContentView.swift in Sources */,
				1E25EDA92A1112E1006E44A5 /* BooksCollectionView.swift in Sources */,
				1E2EA10A2A13887800BF21E3 /* SomethingWentWrongView.swift in Sources */,
				1E2EA1082A13870200BF21E3 /* RegistrationView.swift in Sources */,
				1E2FEF7A2A0EC71B004D9E9D /* Color+.swift in Sources */,
				1E25EDAB2A111571006E44A5 /* CollectionTitle.swift in Sources */,
				1E2FEF722A0EC287004D9E9D /* TabBarView.swift in Sources */,
				1E25EDB72A111CDF006E44A5 /* CollectionView.swift in Sources */,
				1E2EA10F2A138E5F00BF21E3 /* NoInternetView.swift in Sources */,
				1E25EDE82A12991E006E44A5 /* CustomLargeButton.swift in Sources */,
				1E2FEF7C2A0ECF24004D9E9D /* HomeView.swift in Sources */,
				1E23EB712A0F53DD004FADBF /* BookDeckView.swift in Sources */,
				1E2EA1062A137F9E00BF21E3 /* ContinueWith.swift in Sources */,
				1E2EA1032A1346FC00BF21E3 /* OnBoardingView.swift in Sources */,
				1E2EA10D2A138C1600BF21E3 /* UnderConstructionView.swift in Sources */,
				1E23EB6F2A0F528B004FADBF /* SearchView.swift in Sources */,
				1E25EDE62A129634006E44A5 /* Font+.swift in Sources */,
				1E25EE052A12AE5D006E44A5 /* CustomSmallButton.swift in Sources */,
				1E25EDA72A1108F9006E44A5 /* CustomButton.swift in Sources */,
				1E2FEF632A0EBB3F004D9E9D /* uncoverApp.swift in Sources */,
				1E25EDA52A1103F0006E44A5 /* ProfileView.swift in Sources */,
				1E25EDB22A1118F1006E44A5 /* WebImageView.swift in Sources */,
				1E25EE072A12B938006E44A5 /* NotificationView.swift in Sources */,
			);
			runOnlyForDeploymentPostprocessing = 0;
		};
/* End PBXSourcesBuildPhase section */

/* Begin XCBuildConfiguration section */
		1E2FEF6C2A0EBB42004D9E9D /* Debug */ = {
			isa = XCBuildConfiguration;
			buildSettings = {
				ALWAYS_SEARCH_USER_PATHS = NO;
				CLANG_ANALYZER_NONNULL = YES;
				CLANG_ANALYZER_NUMBER_OBJECT_CONVERSION = YES_AGGRESSIVE;
				CLANG_CXX_LANGUAGE_STANDARD = "gnu++20";
				CLANG_ENABLE_MODULES = YES;
				CLANG_ENABLE_OBJC_ARC = YES;
				CLANG_ENABLE_OBJC_WEAK = YES;
				CLANG_WARN_BLOCK_CAPTURE_AUTORELEASING = YES;
				CLANG_WARN_BOOL_CONVERSION = YES;
				CLANG_WARN_COMMA = YES;
				CLANG_WARN_CONSTANT_CONVERSION = YES;
				CLANG_WARN_DEPRECATED_OBJC_IMPLEMENTATIONS = YES;
				CLANG_WARN_DIRECT_OBJC_ISA_USAGE = YES_ERROR;
				CLANG_WARN_DOCUMENTATION_COMMENTS = YES;
				CLANG_WARN_EMPTY_BODY = YES;
				CLANG_WARN_ENUM_CONVERSION = YES;
				CLANG_WARN_INFINITE_RECURSION = YES;
				CLANG_WARN_INT_CONVERSION = YES;
				CLANG_WARN_NON_LITERAL_NULL_CONVERSION = YES;
				CLANG_WARN_OBJC_IMPLICIT_RETAIN_SELF = YES;
				CLANG_WARN_OBJC_LITERAL_CONVERSION = YES;
				CLANG_WARN_OBJC_ROOT_CLASS = YES_ERROR;
				CLANG_WARN_QUOTED_INCLUDE_IN_FRAMEWORK_HEADER = YES;
				CLANG_WARN_RANGE_LOOP_ANALYSIS = YES;
				CLANG_WARN_STRICT_PROTOTYPES = YES;
				CLANG_WARN_SUSPICIOUS_MOVE = YES;
				CLANG_WARN_UNGUARDED_AVAILABILITY = YES_AGGRESSIVE;
				CLANG_WARN_UNREACHABLE_CODE = YES;
				CLANG_WARN__DUPLICATE_METHOD_MATCH = YES;
				COPY_PHASE_STRIP = NO;
				DEBUG_INFORMATION_FORMAT = dwarf;
				ENABLE_STRICT_OBJC_MSGSEND = YES;
				ENABLE_TESTABILITY = YES;
				GCC_C_LANGUAGE_STANDARD = gnu11;
				GCC_DYNAMIC_NO_PIC = NO;
				GCC_NO_COMMON_BLOCKS = YES;
				GCC_OPTIMIZATION_LEVEL = 0;
				GCC_PREPROCESSOR_DEFINITIONS = (
					"DEBUG=1",
					"$(inherited)",
				);
				GCC_WARN_64_TO_32_BIT_CONVERSION = YES;
				GCC_WARN_ABOUT_RETURN_TYPE = YES_ERROR;
				GCC_WARN_UNDECLARED_SELECTOR = YES;
				GCC_WARN_UNINITIALIZED_AUTOS = YES_AGGRESSIVE;
				GCC_WARN_UNUSED_FUNCTION = YES;
				GCC_WARN_UNUSED_VARIABLE = YES;
				IPHONEOS_DEPLOYMENT_TARGET = 15.0;
				MTL_ENABLE_DEBUG_INFO = INCLUDE_SOURCE;
				MTL_FAST_MATH = YES;
				ONLY_ACTIVE_ARCH = YES;
				SWIFT_ACTIVE_COMPILATION_CONDITIONS = DEBUG;
				SWIFT_OPTIMIZATION_LEVEL = "-Onone";
			};
			name = Debug;
		};
		1E2FEF6D2A0EBB42004D9E9D /* Release */ = {
			isa = XCBuildConfiguration;
			buildSettings = {
				ALWAYS_SEARCH_USER_PATHS = NO;
				CLANG_ANALYZER_NONNULL = YES;
				CLANG_ANALYZER_NUMBER_OBJECT_CONVERSION = YES_AGGRESSIVE;
				CLANG_CXX_LANGUAGE_STANDARD = "gnu++20";
				CLANG_ENABLE_MODULES = YES;
				CLANG_ENABLE_OBJC_ARC = YES;
				CLANG_ENABLE_OBJC_WEAK = YES;
				CLANG_WARN_BLOCK_CAPTURE_AUTORELEASING = YES;
				CLANG_WARN_BOOL_CONVERSION = YES;
				CLANG_WARN_COMMA = YES;
				CLANG_WARN_CONSTANT_CONVERSION = YES;
				CLANG_WARN_DEPRECATED_OBJC_IMPLEMENTATIONS = YES;
				CLANG_WARN_DIRECT_OBJC_ISA_USAGE = YES_ERROR;
				CLANG_WARN_DOCUMENTATION_COMMENTS = YES;
				CLANG_WARN_EMPTY_BODY = YES;
				CLANG_WARN_ENUM_CONVERSION = YES;
				CLANG_WARN_INFINITE_RECURSION = YES;
				CLANG_WARN_INT_CONVERSION = YES;
				CLANG_WARN_NON_LITERAL_NULL_CONVERSION = YES;
				CLANG_WARN_OBJC_IMPLICIT_RETAIN_SELF = YES;
				CLANG_WARN_OBJC_LITERAL_CONVERSION = YES;
				CLANG_WARN_OBJC_ROOT_CLASS = YES_ERROR;
				CLANG_WARN_QUOTED_INCLUDE_IN_FRAMEWORK_HEADER = YES;
				CLANG_WARN_RANGE_LOOP_ANALYSIS = YES;
				CLANG_WARN_STRICT_PROTOTYPES = YES;
				CLANG_WARN_SUSPICIOUS_MOVE = YES;
				CLANG_WARN_UNGUARDED_AVAILABILITY = YES_AGGRESSIVE;
				CLANG_WARN_UNREACHABLE_CODE = YES;
				CLANG_WARN__DUPLICATE_METHOD_MATCH = YES;
				COPY_PHASE_STRIP = NO;
				DEBUG_INFORMATION_FORMAT = "dwarf-with-dsym";
				ENABLE_NS_ASSERTIONS = NO;
				ENABLE_STRICT_OBJC_MSGSEND = YES;
				GCC_C_LANGUAGE_STANDARD = gnu11;
				GCC_NO_COMMON_BLOCKS = YES;
				GCC_WARN_64_TO_32_BIT_CONVERSION = YES;
				GCC_WARN_ABOUT_RETURN_TYPE = YES_ERROR;
				GCC_WARN_UNDECLARED_SELECTOR = YES;
				GCC_WARN_UNINITIALIZED_AUTOS = YES_AGGRESSIVE;
				GCC_WARN_UNUSED_FUNCTION = YES;
				GCC_WARN_UNUSED_VARIABLE = YES;
				IPHONEOS_DEPLOYMENT_TARGET = 15.0;
				MTL_ENABLE_DEBUG_INFO = NO;
				MTL_FAST_MATH = YES;
				SWIFT_COMPILATION_MODE = wholemodule;
				SWIFT_OPTIMIZATION_LEVEL = "-O";
			};
			name = Release;
		};
		1E2FEF6F2A0EBB42004D9E9D /* Debug */ = {
			isa = XCBuildConfiguration;
			buildSettings = {
				ASSETCATALOG_COMPILER_APPICON_NAME = AppIcon;
				ASSETCATALOG_COMPILER_GLOBAL_ACCENT_COLOR_NAME = AccentColor;
				CODE_SIGN_ENTITLEMENTS = uncover/uncover.entitlements;
				CODE_SIGN_STYLE = Automatic;
				CURRENT_PROJECT_VERSION = 1;
				DEVELOPMENT_ASSET_PATHS = "\"uncover/Preview Content\"";
				DEVELOPMENT_TEAM = 222G3922DN;
				ENABLE_PREVIEWS = YES;
				GENERATE_INFOPLIST_FILE = YES;
				INFOPLIST_FILE = uncover/Info.plist;
				"INFOPLIST_KEY_UIApplicationSceneManifest_Generation[sdk=iphoneos*]" = YES;
				"INFOPLIST_KEY_UIApplicationSceneManifest_Generation[sdk=iphonesimulator*]" = YES;
				"INFOPLIST_KEY_UIApplicationSupportsIndirectInputEvents[sdk=iphoneos*]" = YES;
				"INFOPLIST_KEY_UIApplicationSupportsIndirectInputEvents[sdk=iphonesimulator*]" = YES;
				"INFOPLIST_KEY_UILaunchScreen_Generation[sdk=iphoneos*]" = YES;
				"INFOPLIST_KEY_UILaunchScreen_Generation[sdk=iphonesimulator*]" = YES;
				INFOPLIST_KEY_UIStatusBarStyle = "";
				"INFOPLIST_KEY_UIStatusBarStyle[sdk=iphoneos*]" = UIStatusBarStyleDefault;
				"INFOPLIST_KEY_UIStatusBarStyle[sdk=iphonesimulator*]" = UIStatusBarStyleDefault;
				INFOPLIST_KEY_UISupportedInterfaceOrientations = UIInterfaceOrientationPortrait;
				INFOPLIST_KEY_UISupportedInterfaceOrientations_iPad = "UIInterfaceOrientationLandscapeLeft UIInterfaceOrientationLandscapeRight UIInterfaceOrientationPortrait UIInterfaceOrientationPortraitUpsideDown";
				INFOPLIST_KEY_UIUserInterfaceStyle = Light;
				IPHONEOS_DEPLOYMENT_TARGET = 15.0;
				LD_RUNPATH_SEARCH_PATHS = "@executable_path/Frameworks";
				"LD_RUNPATH_SEARCH_PATHS[sdk=macosx*]" = "@executable_path/../Frameworks";
				MACOSX_DEPLOYMENT_TARGET = 13.3;
				MARKETING_VERSION = 1.0;
				PRODUCT_BUNDLE_IDENTIFIER = com.uncover.uncoverme;
				PRODUCT_NAME = "$(TARGET_NAME)";
				SDKROOT = auto;
				SUPPORTED_PLATFORMS = "iphoneos iphonesimulator";
				SUPPORTS_MACCATALYST = NO;
				SUPPORTS_MAC_DESIGNED_FOR_IPHONE_IPAD = NO;
				SWIFT_EMIT_LOC_STRINGS = YES;
				SWIFT_VERSION = 5.0;
				TARGETED_DEVICE_FAMILY = 1;
			};
			name = Debug;
		};
		1E2FEF702A0EBB42004D9E9D /* Release */ = {
			isa = XCBuildConfiguration;
			buildSettings = {
				ASSETCATALOG_COMPILER_APPICON_NAME = AppIcon;
				ASSETCATALOG_COMPILER_GLOBAL_ACCENT_COLOR_NAME = AccentColor;
				CODE_SIGN_ENTITLEMENTS = uncover/uncover.entitlements;
				CODE_SIGN_STYLE = Automatic;
				CURRENT_PROJECT_VERSION = 1;
				DEVELOPMENT_ASSET_PATHS = "\"uncover/Preview Content\"";
				DEVELOPMENT_TEAM = 222G3922DN;
				ENABLE_PREVIEWS = YES;
				GENERATE_INFOPLIST_FILE = YES;
				INFOPLIST_FILE = uncover/Info.plist;
				"INFOPLIST_KEY_UIApplicationSceneManifest_Generation[sdk=iphoneos*]" = YES;
				"INFOPLIST_KEY_UIApplicationSceneManifest_Generation[sdk=iphonesimulator*]" = YES;
				"INFOPLIST_KEY_UIApplicationSupportsIndirectInputEvents[sdk=iphoneos*]" = YES;
				"INFOPLIST_KEY_UIApplicationSupportsIndirectInputEvents[sdk=iphonesimulator*]" = YES;
				"INFOPLIST_KEY_UILaunchScreen_Generation[sdk=iphoneos*]" = YES;
				"INFOPLIST_KEY_UILaunchScreen_Generation[sdk=iphonesimulator*]" = YES;
				INFOPLIST_KEY_UIStatusBarStyle = "";
				"INFOPLIST_KEY_UIStatusBarStyle[sdk=iphoneos*]" = UIStatusBarStyleDefault;
				"INFOPLIST_KEY_UIStatusBarStyle[sdk=iphonesimulator*]" = UIStatusBarStyleDefault;
				INFOPLIST_KEY_UISupportedInterfaceOrientations = UIInterfaceOrientationPortrait;
				INFOPLIST_KEY_UISupportedInterfaceOrientations_iPad = "UIInterfaceOrientationLandscapeLeft UIInterfaceOrientationLandscapeRight UIInterfaceOrientationPortrait UIInterfaceOrientationPortraitUpsideDown";
				INFOPLIST_KEY_UIUserInterfaceStyle = Light;
				IPHONEOS_DEPLOYMENT_TARGET = 15.0;
				LD_RUNPATH_SEARCH_PATHS = "@executable_path/Frameworks";
				"LD_RUNPATH_SEARCH_PATHS[sdk=macosx*]" = "@executable_path/../Frameworks";
				MACOSX_DEPLOYMENT_TARGET = 13.3;
				MARKETING_VERSION = 1.0;
				PRODUCT_BUNDLE_IDENTIFIER = com.uncover.uncoverme;
				PRODUCT_NAME = "$(TARGET_NAME)";
				SDKROOT = auto;
				SUPPORTED_PLATFORMS = "iphoneos iphonesimulator";
				SUPPORTS_MACCATALYST = NO;
				SUPPORTS_MAC_DESIGNED_FOR_IPHONE_IPAD = NO;
				SWIFT_EMIT_LOC_STRINGS = YES;
				SWIFT_VERSION = 5.0;
				TARGETED_DEVICE_FAMILY = 1;
			};
			name = Release;
		};
/* End XCBuildConfiguration section */

/* Begin XCConfigurationList section */
		1E2FEF5A2A0EBB3F004D9E9D /* Build configuration list for PBXProject "uncover" */ = {
			isa = XCConfigurationList;
			buildConfigurations = (
				1E2FEF6C2A0EBB42004D9E9D /* Debug */,
				1E2FEF6D2A0EBB42004D9E9D /* Release */,
			);
			defaultConfigurationIsVisible = 0;
			defaultConfigurationName = Release;
		};
		1E2FEF6E2A0EBB42004D9E9D /* Build configuration list for PBXNativeTarget "uncover" */ = {
			isa = XCConfigurationList;
			buildConfigurations = (
				1E2FEF6F2A0EBB42004D9E9D /* Debug */,
				1E2FEF702A0EBB42004D9E9D /* Release */,
			);
			defaultConfigurationIsVisible = 0;
			defaultConfigurationName = Release;
		};
/* End XCConfigurationList section */

/* Begin XCRemoteSwiftPackageReference section */
		1E25EDB32A1119A1006E44A5 /* XCRemoteSwiftPackageReference "SDWebImageSwiftUI" */ = {
			isa = XCRemoteSwiftPackageReference;
			repositoryURL = "https://github.com/SDWebImage/SDWebImageSwiftUI";
			requirement = {
				kind = upToNextMajorVersion;
				minimumVersion = 2.0.0;
			};
		};
/* End XCRemoteSwiftPackageReference section */

/* Begin XCSwiftPackageProductDependency section */
		1E25EDB42A1119A1006E44A5 /* SDWebImageSwiftUI */ = {
			isa = XCSwiftPackageProductDependency;
			package = 1E25EDB32A1119A1006E44A5 /* XCRemoteSwiftPackageReference "SDWebImageSwiftUI" */;
			productName = SDWebImageSwiftUI;
		};
/* End XCSwiftPackageProductDependency section */
	};
	rootObject = 1E2FEF572A0EBB3F004D9E9D /* Project object */;
}
